
Microsoft Visual Studio Solution File, Format Version 12.00
# Visual Studio Version 16
VisualStudioVersion = 16.0.33214.272
MinimumVisualStudioVersion = 10.0.40219.1
Project("{FAE04EC0-301F-11D3-BF4B-00C04F79EFBC}") = "Learning", "Learning\Learning.csproj", "{FD5FE265-8DE4-42FA-93FA-6AF3A84B6898}"
EndProject
Global
	GlobalSection(SolutionConfigurationPlatforms) = preSolution
		Debug|Any CPU = Debug|Any CPU
		Release|Any CPU = Release|Any CPU
	EndGlobalSection
	GlobalSection(ProjectConfigurationPlatforms) = postSolution
		{FD5FE265-8DE4-42FA-93FA-6AF3A84B6898}.Debug|Any CPU.ActiveCfg = Debug|Any CPU
		{FD5FE265-8DE4-42FA-93FA-6AF3A84B6898}.Debug|Any CPU.Build.0 = Debug|Any CPU
		{FD5FE265-8DE4-42FA-93FA-6AF3A84B6898}.Release|Any CPU.ActiveCfg = Release|Any CPU
		{FD5FE265-8DE4-42FA-93FA-6AF3A84B6898}.Release|Any CPU.Build.0 = Release|Any CPU
	EndGlobalSection
	GlobalSection(SolutionProperties) = preSolution
		HideSolutionNode = FALSE
	EndGlobalSection
	GlobalSection(ExtensibilityGlobals) = postSolution
		SolutionGuid = {1D68C1BB-C7F9-46CD-BD6B-CC826A1312F2}
	EndGlobalSection
EndGlobal
